PODS:
  - ant_media_flutter (0.0.1):
    - Flutter
  - Flutter (1.0.0)
  - flutter_webrtc (0.7.1):
    - Flutter
    - Libyuv (= 1703)
    - WebRTC-SDK (= 97.4692.02)
  - Libyuv (1703)
  - path_provider_ios (0.0.1):
    - Flutter
  - permission_handler_apple (9.0.4):
    - Flutter
  - shared_preferences_ios (0.0.1):
    - Flutter
  - WebRTC-SDK (97.4692.02)

DEPENDENCIES:
  - ant_media_flutter (from `.symlinks/plugins/ant_media_flutter/ios`)
  - Flutter (from `Flutter`)
  - flutter_webrtc (from `.symlinks/plugins/flutter_webrtc/ios`)
  - path_provider_ios (from `.symlinks/plugins/path_provider_ios/ios`)
  - permission_handler_apple (from `.symlinks/plugins/permission_handler_apple/ios`)
  - shared_preferences_ios (from `.symlinks/plugins/shared_preferences_ios/ios`)

SPEC REPOS:
  trunk:
    - Libyuv
    - WebRTC-SDK

EXTERNAL SOURCES:
  ant_media_flutter:
    :path: ".symlinks/plugins/ant_media_flutter/ios"
  Flutter:
    :path: Flutter
  flutter_webrtc:
    :path: ".symlinks/plugins/flutter_webrtc/ios"
  path_provider_ios:
    :path: ".symlinks/plugins/path_provider_ios/ios"
  permission_handler_apple:
    :path: ".symlinks/plugins/permission_handler_apple/ios"
  shared_preferences_ios:
    :path: ".symlinks/plugins/shared_preferences_ios/ios"

SPEC CHECKSUMS:
  ant_media_flutter: 331ea0c1eaefa7b3945825e77114b4f803b2f210
  Flutter: 50d75fe2f02b26cc09d224853bb45737f8b3214a
  flutter_webrtc: 3fd57d5bd9b6ce85d12d37f6f68d97be3b80509f
  Libyuv: 5f79ced0ee66e60a612ca97de1e6ccacd187a437
  path_provider_ios: 14f3d2fd28c4fdb42f44e0f751d12861c43cee02
  permission_handler_apple: 44366e37eaf29454a1e7b1b7d736c2cceaeb17ce
  shared_preferences_ios: 548a61f8053b9b8a49ac19c1ffbc8b92c50d68ad
  WebRTC-SDK: dda4e50186f9eed672dc6bcf4faafb30c6ce48e3

PODFILE CHECKSUM: 3dffd8c48b531d21ec0ec153c22dc8e3a6223bc9

COCOAPODS: 1.11.2
